
Microsoft Visual Studio Solution File, Format Version 12.00
# Visual Studio 14
VisualStudioVersion = 14.0.24720.0
MinimumVisualStudioVersion = 10.0.40219.1
Project("{2150E333-8FDC-42A3-9474-1A3956D46DE8}") = ".nuget", ".nuget", "{27A410AB-116C-422A-AB79-56F67F26BC85}"
	ProjectSection(SolutionItems) = preProject
		.nuget\NuGet.Config = .nuget\NuGet.Config
		.nuget\NuGet.exe = .nuget\NuGet.exe
		.nuget\NuGet.targets = .nuget\NuGet.targets
	EndProjectSection
EndProject
Project("{FAE04EC0-301F-11D3-BF4B-00C04F79EFBC}") = "VxEventServer", "VxEventServer\VxEventServer.csproj", "{C369F449-EE6A-402C-96AB-01E3C185CC1D}"
EndProject
Project("{FAE04EC0-301F-11D3-BF4B-00C04F79EFBC}") = "ASCIIVxTranslatorService", "ASCIIVxTranslatorService\ASCIIVxTranslatorService.csproj", "{FB1A6C1C-E030-45C6-A821-0F17C42D2457}"
EndProject
Global
	GlobalSection(SolutionConfigurationPlatforms) = preSolution
		Debug|Any CPU = Debug|Any CPU
		Debug|Mixed Platforms = Debug|Mixed Platforms
		Debug|x86 = Debug|x86
		Release|Any CPU = Release|Any CPU
		Release|Mixed Platforms = Release|Mixed Platforms
		Release|x86 = Release|x86
		WcfMock|Any CPU = WcfMock|Any CPU
		WcfMock|Mixed Platforms = WcfMock|Mixed Platforms
		WcfMock|x86 = WcfMock|x86
	EndGlobalSection
	GlobalSection(ProjectConfigurationPlatforms) = postSolution
		{C369F449-EE6A-402C-96AB-01E3C185CC1D}.Debug|Any CPU.ActiveCfg = Debug|Any CPU
		{C369F449-EE6A-402C-96AB-01E3C185CC1D}.Debug|Any CPU.Build.0 = Debug|Any CPU
		{C369F449-EE6A-402C-96AB-01E3C185CC1D}.Debug|Mixed Platforms.ActiveCfg = Debug|Any CPU
		{C369F449-EE6A-402C-96AB-01E3C185CC1D}.Debug|Mixed Platforms.Build.0 = Debug|Any CPU
		{C369F449-EE6A-402C-96AB-01E3C185CC1D}.Debug|x86.ActiveCfg = Debug|Any CPU
		{C369F449-EE6A-402C-96AB-01E3C185CC1D}.Release|Any CPU.ActiveCfg = Release|Any CPU
		{C369F449-EE6A-402C-96AB-01E3C185CC1D}.Release|Any CPU.Build.0 = Release|Any CPU
		{C369F449-EE6A-402C-96AB-01E3C185CC1D}.Release|Mixed Platforms.ActiveCfg = Release|Any CPU
		{C369F449-EE6A-402C-96AB-01E3C185CC1D}.Release|Mixed Platforms.Build.0 = Release|Any CPU
		{C369F449-EE6A-402C-96AB-01E3C185CC1D}.Release|x86.ActiveCfg = Release|Any CPU
		{C369F449-EE6A-402C-96AB-01E3C185CC1D}.WcfMock|Any CPU.ActiveCfg = WcfMock|Any CPU
		{C369F449-EE6A-402C-96AB-01E3C185CC1D}.WcfMock|Any CPU.Build.0 = WcfMock|Any CPU
		{C369F449-EE6A-402C-96AB-01E3C185CC1D}.WcfMock|Mixed Platforms.ActiveCfg = WcfMock|Any CPU
		{C369F449-EE6A-402C-96AB-01E3C185CC1D}.WcfMock|Mixed Platforms.Build.0 = WcfMock|Any CPU
		{C369F449-EE6A-402C-96AB-01E3C185CC1D}.WcfMock|x86.ActiveCfg = WcfMock|Any CPU
		{FB1A6C1C-E030-45C6-A821-0F17C42D2457}.Debug|Any CPU.ActiveCfg = Debug|Any CPU
		{FB1A6C1C-E030-45C6-A821-0F17C42D2457}.Debug|Any CPU.Build.0 = Debug|Any CPU
		{FB1A6C1C-E030-45C6-A821-0F17C42D2457}.Debug|Mixed Platforms.ActiveCfg = Debug|Any CPU
		{FB1A6C1C-E030-45C6-A821-0F17C42D2457}.Debug|Mixed Platforms.Build.0 = Debug|Any CPU
		{FB1A6C1C-E030-45C6-A821-0F17C42D2457}.Debug|x86.ActiveCfg = Debug|Any CPU
		{FB1A6C1C-E030-45C6-A821-0F17C42D2457}.Debug|x86.Build.0 = Debug|Any CPU
		{FB1A6C1C-E030-45C6-A821-0F17C42D2457}.Release|Any CPU.ActiveCfg = Release|Any CPU
		{FB1A6C1C-E030-45C6-A821-0F17C42D2457}.Release|Any CPU.Build.0 = Release|Any CPU
		{FB1A6C1C-E030-45C6-A821-0F17C42D2457}.Release|Mixed Platforms.ActiveCfg = Release|Any CPU
		{FB1A6C1C-E030-45C6-A821-0F17C42D2457}.Release|Mixed Platforms.Build.0 = Release|Any CPU
		{FB1A6C1C-E030-45C6-A821-0F17C42D2457}.Release|x86.ActiveCfg = Release|Any CPU
		{FB1A6C1C-E030-45C6-A821-0F17C42D2457}.WcfMock|Any CPU.ActiveCfg = WcfMock|Any CPU
		{FB1A6C1C-E030-45C6-A821-0F17C42D2457}.WcfMock|Any CPU.Build.0 = WcfMock|Any CPU
		{FB1A6C1C-E030-45C6-A821-0F17C42D2457}.WcfMock|Mixed Platforms.ActiveCfg = WcfMock|Any CPU
		{FB1A6C1C-E030-45C6-A821-0F17C42D2457}.WcfMock|Mixed Platforms.Build.0 = WcfMock|Any CPU
		{FB1A6C1C-E030-45C6-A821-0F17C42D2457}.WcfMock|x86.ActiveCfg = WcfMock|Any CPU
	EndGlobalSection
	GlobalSection(SolutionProperties) = preSolution
		HideSolutionNode = FALSE
	EndGlobalSection
EndGlobal
